// !$*UTF8*$!
{
	archiveVersion = 1;
	classes = {
	};
	objectVersion = 55;
	objects = {

/* Begin PBXBuildFile section */
		2901EBF528BBA8CB00D02BE0 /* Main.xcdatamodeld in Sources */ = {isa = PBXBuildFile; fileRef = 2901EBF328BBA8CB00D02BE0 /* Main.xcdatamodeld */; };
		2901EBF728BBAC0B00D02BE0 /* DataController.swift in Sources */ = {isa = PBXBuildFile; fileRef = 2901EBF628BBAC0B00D02BE0 /* DataController.swift */; };
		2901EBFC28BBBB8B00D02BE0 /* CloudKit.framework in Frameworks */ = {isa = PBXBuildFile; fileRef = 2901EBFB28BBBB8B00D02BE0 /* CloudKit.framework */; };
		2901EBFE28BBBC7200D02BE0 /* HomeView.swift in Sources */ = {isa = PBXBuildFile; fileRef = 2901EBFD28BBBC7200D02BE0 /* HomeView.swift */; };
		2901EC0028BBBD0700D02BE0 /* ProjectsView.swift in Sources */ = {isa = PBXBuildFile; fileRef = 2901EBFF28BBBD0700D02BE0 /* ProjectsView.swift */; };
		2901EC0228BBDBC800D02BE0 /* Item-CoreDataHelpers.swift in Sources */ = {isa = PBXBuildFile; fileRef = 2901EC0128BBDBC800D02BE0 /* Item-CoreDataHelpers.swift */; };
		2901EC0428BBDD6C00D02BE0 /* Project-CoreDataHelpers.swift in Sources */ = {isa = PBXBuildFile; fileRef = 2901EC0328BBDD6C00D02BE0 /* Project-CoreDataHelpers.swift */; };
		2901EC0628BBEF5B00D02BE0 /* EditItemView.swift in Sources */ = {isa = PBXBuildFile; fileRef = 2901EC0528BBEF5B00D02BE0 /* EditItemView.swift */; };
		2901EC0828BBF54000D02BE0 /* ItemRowView.swift in Sources */ = {isa = PBXBuildFile; fileRef = 2901EC0728BBF54000D02BE0 /* ItemRowView.swift */; };
		2901EC0A28BBF8C600D02BE0 /* Binding-OnChange.swift in Sources */ = {isa = PBXBuildFile; fileRef = 2901EC0928BBF8C600D02BE0 /* Binding-OnChange.swift */; };
		2901EC0C28BC087C00D02BE0 /* ProjectHeaderView.swift in Sources */ = {isa = PBXBuildFile; fileRef = 2901EC0B28BC087C00D02BE0 /* ProjectHeaderView.swift */; };
		2901EC0E28BC0C7600D02BE0 /* Colors.xcassets in Resources */ = {isa = PBXBuildFile; fileRef = 2901EC0D28BC0C7600D02BE0 /* Colors.xcassets */; };
		2901EC1028BC239100D02BE0 /* EditProjectView.swift in Sources */ = {isa = PBXBuildFile; fileRef = 2901EC0F28BC239100D02BE0 /* EditProjectView.swift */; };
		298C7D6328B87C9C00CB8DC8 /* ProjectTrackerApp.swift in Sources */ = {isa = PBXBuildFile; fileRef = 298C7D6228B87C9C00CB8DC8 /* ProjectTrackerApp.swift */; };
		298C7D6528B87C9C00CB8DC8 /* ContentView.swift in Sources */ = {isa = PBXBuildFile; fileRef = 298C7D6428B87C9C00CB8DC8 /* ContentView.swift */; };
		298C7D6728B87C9D00CB8DC8 /* Assets.xcassets in Resources */ = {isa = PBXBuildFile; fileRef = 298C7D6628B87C9D00CB8DC8 /* Assets.xcassets */; };
		298C7D6A28B87C9D00CB8DC8 /* Preview Assets.xcassets in Resources */ = {isa = PBXBuildFile; fileRef = 298C7D6928B87C9D00CB8DC8 /* Preview Assets.xcassets */; };
		299072CF28BD4F1F002F2204 /* Sequence-Sorting.swift in Sources */ = {isa = PBXBuildFile; fileRef = 299072CE28BD4F1F002F2204 /* Sequence-Sorting.swift */; };
		299072D128BE75BE002F2204 /* SelectSomethingView.swift in Sources */ = {isa = PBXBuildFile; fileRef = 299072D028BE75BE002F2204 /* SelectSomethingView.swift */; };
/* End PBXBuildFile section */

/* Begin PBXFileReference section */
		2901EBF428BBA8CB00D02BE0 /* Main.xcdatamodel */ = {isa = PBXFileReference; lastKnownFileType = wrapper.xcdatamodel; path = Main.xcdatamodel; sourceTree = "<group>"; };
		2901EBF628BBAC0B00D02BE0 /* DataController.swift */ = {isa = PBXFileReference; lastKnownFileType = sourcecode.swift; path = DataController.swift; sourceTree = "<group>"; };
		2901EBF828BBBB6500D02BE0 /* ProjectTracker.entitlements */ = {isa = PBXFileReference; lastKnownFileType = text.plist.entitlements; path = ProjectTracker.entitlements; sourceTree = "<group>"; };
		2901EBF928BBBB6C00D02BE0 /* Info.plist */ = {isa = PBXFileReference; lastKnownFileType = text.plist; path = Info.plist; sourceTree = "<group>"; };
		2901EBFB28BBBB8B00D02BE0 /* CloudKit.framework */ = {isa = PBXFileReference; lastKnownFileType = wrapper.framework; name = CloudKit.framework; path = System/Library/Frameworks/CloudKit.framework; sourceTree = SDKROOT; };
		2901EBFD28BBBC7200D02BE0 /* HomeView.swift */ = {isa = PBXFileReference; lastKnownFileType = sourcecode.swift; path = HomeView.swift; sourceTree = "<group>"; };
		2901EBFF28BBBD0700D02BE0 /* ProjectsView.swift */ = {isa = PBXFileReference; lastKnownFileType = sourcecode.swift; path = ProjectsView.swift; sourceTree = "<group>"; };
		2901EC0128BBDBC800D02BE0 /* Item-CoreDataHelpers.swift */ = {isa = PBXFileReference; lastKnownFileType = sourcecode.swift; path = "Item-CoreDataHelpers.swift"; sourceTree = "<group>"; };
		2901EC0328BBDD6C00D02BE0 /* Project-CoreDataHelpers.swift */ = {isa = PBXFileReference; lastKnownFileType = sourcecode.swift; path = "Project-CoreDataHelpers.swift"; sourceTree = "<group>"; };
		2901EC0528BBEF5B00D02BE0 /* EditItemView.swift */ = {isa = PBXFileReference; lastKnownFileType = sourcecode.swift; path = EditItemView.swift; sourceTree = "<group>"; };
		2901EC0728BBF54000D02BE0 /* ItemRowView.swift */ = {isa = PBXFileReference; lastKnownFileType = sourcecode.swift; path = ItemRowView.swift; sourceTree = "<group>"; };
		2901EC0928BBF8C600D02BE0 /* Binding-OnChange.swift */ = {isa = PBXFileReference; lastKnownFileType = sourcecode.swift; path = "Binding-OnChange.swift"; sourceTree = "<group>"; };
		2901EC0B28BC087C00D02BE0 /* ProjectHeaderView.swift */ = {isa = PBXFileReference; lastKnownFileType = sourcecode.swift; path = ProjectHeaderView.swift; sourceTree = "<group>"; };
		2901EC0D28BC0C7600D02BE0 /* Colors.xcassets */ = {isa = PBXFileReference; lastKnownFileType = folder.assetcatalog; path = Colors.xcassets; sourceTree = "<group>"; };
		2901EC0F28BC239100D02BE0 /* EditProjectView.swift */ = {isa = PBXFileReference; lastKnownFileType = sourcecode.swift; path = EditProjectView.swift; sourceTree = "<group>"; };
		298C7D5F28B87C9C00CB8DC8 /* ProjectTracker.app */ = {isa = PBXFileReference; explicitFileType = wrapper.application; includeInIndex = 0; path = ProjectTracker.app; sourceTree = BUILT_PRODUCTS_DIR; };
		298C7D6228B87C9C00CB8DC8 /* ProjectTrackerApp.swift */ = {isa = PBXFileReference; lastKnownFileType = sourcecode.swift; path = ProjectTrackerApp.swift; sourceTree = "<group>"; };
		298C7D6428B87C9C00CB8DC8 /* ContentView.swift */ = {isa = PBXFileReference; lastKnownFileType = sourcecode.swift; path = ContentView.swift; sourceTree = "<group>"; };
		298C7D6628B87C9D00CB8DC8 /* Assets.xcassets */ = {isa = PBXFileReference; lastKnownFileType = folder.assetcatalog; path = Assets.xcassets; sourceTree = "<group>"; };
		298C7D6928B87C9D00CB8DC8 /* Preview Assets.xcassets */ = {isa = PBXFileReference; lastKnownFileType = folder.assetcatalog; path = "Preview Assets.xcassets"; sourceTree = "<group>"; };
		299072CE28BD4F1F002F2204 /* Sequence-Sorting.swift */ = {isa = PBXFileReference; lastKnownFileType = sourcecode.swift; path = "Sequence-Sorting.swift"; sourceTree = "<group>"; };
		299072D028BE75BE002F2204 /* SelectSomethingView.swift */ = {isa = PBXFileReference; lastKnownFileType = sourcecode.swift; path = SelectSomethingView.swift; sourceTree = "<group>"; };
/* End PBXFileReference section */

/* Begin PBXFrameworksBuildPhase section */
		298C7D5C28B87C9C00CB8DC8 /* Frameworks */ = {
			isa = PBXFrameworksBuildPhase;
			buildActionMask = 2147483647;
			files = (
				2901EBFC28BBBB8B00D02BE0 /* CloudKit.framework in Frameworks */,
			);
			runOnlyForDeploymentPostprocessing = 0;
		};
/* End PBXFrameworksBuildPhase section */

/* Begin PBXGroup section */
		2901EBFA28BBBB8B00D02BE0 /* Frameworks */ = {
			isa = PBXGroup;
			children = (
				2901EBFB28BBBB8B00D02BE0 /* CloudKit.framework */,
			);
			name = Frameworks;
			sourceTree = "<group>";
		};
		298C7D5628B87C9C00CB8DC8 = {
			isa = PBXGroup;
			children = (
				298C7D6128B87C9C00CB8DC8 /* ProjectTracker */,
				298C7D6028B87C9C00CB8DC8 /* Products */,
				2901EBFA28BBBB8B00D02BE0 /* Frameworks */,
			);
			sourceTree = "<group>";
		};
		298C7D6028B87C9C00CB8DC8 /* Products */ = {
			isa = PBXGroup;
			children = (
				298C7D5F28B87C9C00CB8DC8 /* ProjectTracker.app */,
			);
			name = Products;
			sourceTree = "<group>";
		};
		298C7D6128B87C9C00CB8DC8 /* ProjectTracker */ = {
			isa = PBXGroup;
			children = (
				2901EBF928BBBB6C00D02BE0 /* Info.plist */,
				2901EBF828BBBB6500D02BE0 /* ProjectTracker.entitlements */,
				298C7D6228B87C9C00CB8DC8 /* ProjectTrackerApp.swift */,
				298C7D6428B87C9C00CB8DC8 /* ContentView.swift */,
				2901EC0528BBEF5B00D02BE0 /* EditItemView.swift */,
				2901EC0928BBF8C600D02BE0 /* Binding-OnChange.swift */,
				2901EC0B28BC087C00D02BE0 /* ProjectHeaderView.swift */,
				2901EC0F28BC239100D02BE0 /* EditProjectView.swift */,
				2901EC0D28BC0C7600D02BE0 /* Colors.xcassets */,
				2901EBFD28BBBC7200D02BE0 /* HomeView.swift */,
				2901EBFF28BBBD0700D02BE0 /* ProjectsView.swift */,
				299072D028BE75BE002F2204 /* SelectSomethingView.swift */,
				299072CE28BD4F1F002F2204 /* Sequence-Sorting.swift */,
				2901EC0728BBF54000D02BE0 /* ItemRowView.swift */,
				2901EBF628BBAC0B00D02BE0 /* DataController.swift */,
				2901EC0128BBDBC800D02BE0 /* Item-CoreDataHelpers.swift */,
				2901EC0328BBDD6C00D02BE0 /* Project-CoreDataHelpers.swift */,
				2901EBF328BBA8CB00D02BE0 /* Main.xcdatamodeld */,
				298C7D6628B87C9D00CB8DC8 /* Assets.xcassets */,
				298C7D6828B87C9D00CB8DC8 /* Preview Content */,
			);
			path = ProjectTracker;
			sourceTree = "<group>";
		};
		298C7D6828B87C9D00CB8DC8 /* Preview Content */ = {
			isa = PBXGroup;
			children = (
				298C7D6928B87C9D00CB8DC8 /* Preview Assets.xcassets */,
			);
			path = "Preview Content";
			sourceTree = "<group>";
		};
/* End PBXGroup section */

/* Begin PBXNativeTarget section */
		298C7D5E28B87C9C00CB8DC8 /* ProjectTracker */ = {
			isa = PBXNativeTarget;
			buildConfigurationList = 298C7D6D28B87C9D00CB8DC8 /* Build configuration list for PBXNativeTarget "ProjectTracker" */;
			buildPhases = (
				298C7D5B28B87C9C00CB8DC8 /* Sources */,
				298C7D5C28B87C9C00CB8DC8 /* Frameworks */,
				298C7D5D28B87C9C00CB8DC8 /* Resources */,
			);
			buildRules = (
			);
			dependencies = (
			);
			name = ProjectTracker;
			productName = ProjectTracker;
			productReference = 298C7D5F28B87C9C00CB8DC8 /* ProjectTracker.app */;
			productType = "com.apple.product-type.application";
		};
/* End PBXNativeTarget section */

/* Begin PBXProject section */
		298C7D5728B87C9C00CB8DC8 /* Project object */ = {
			isa = PBXProject;
			attributes = {
				BuildIndependentTargetsInParallel = 1;
				LastSwiftUpdateCheck = 1340;
				LastUpgradeCheck = 1340;
				TargetAttributes = {
					298C7D5E28B87C9C00CB8DC8 = {
						CreatedOnToolsVersion = 13.4;
					};
				};
			};
			buildConfigurationList = 298C7D5A28B87C9C00CB8DC8 /* Build configuration list for PBXProject "ProjectTracker" */;
			compatibilityVersion = "Xcode 13.0";
			developmentRegion = en;
			hasScannedForEncodings = 0;
			knownRegions = (
				en,
				Base,
			);
			mainGroup = 298C7D5628B87C9C00CB8DC8;
			productRefGroup = 298C7D6028B87C9C00CB8DC8 /* Products */;
			projectDirPath = "";
			projectRoot = "";
			targets = (
				298C7D5E28B87C9C00CB8DC8 /* ProjectTracker */,
			);
		};
/* End PBXProject section */

/* Begin PBXResourcesBuildPhase section */
		298C7D5D28B87C9C00CB8DC8 /* Resources */ = {
			isa = PBXResourcesBuildPhase;
			buildActionMask = 2147483647;
			files = (
				2901EC0E28BC0C7600D02BE0 /* Colors.xcassets in Resources */,
				298C7D6A28B87C9D00CB8DC8 /* Preview Assets.xcassets in Resources */,
				298C7D6728B87C9D00CB8DC8 /* Assets.xcassets in Resources */,
			);
			runOnlyForDeploymentPostprocessing = 0;
		};
/* End PBXResourcesBuildPhase section */

/* Begin PBXSourcesBuildPhase section */
		298C7D5B28B87C9C00CB8DC8 /* Sources */ = {
			isa = PBXSourcesBuildPhase;
			buildActionMask = 2147483647;
			files = (
				2901EC0028BBBD0700D02BE0 /* ProjectsView.swift in Sources */,
				2901EC0C28BC087C00D02BE0 /* ProjectHeaderView.swift in Sources */,
				2901EBF528BBA8CB00D02BE0 /* Main.xcdatamodeld in Sources */,
				2901EC0428BBDD6C00D02BE0 /* Project-CoreDataHelpers.swift in Sources */,
				2901EC1028BC239100D02BE0 /* EditProjectView.swift in Sources */,
				2901EBF728BBAC0B00D02BE0 /* DataController.swift in Sources */,
				299072D128BE75BE002F2204 /* SelectSomethingView.swift in Sources */,
				2901EC0828BBF54000D02BE0 /* ItemRowView.swift in Sources */,
				298C7D6528B87C9C00CB8DC8 /* ContentView.swift in Sources */,
				2901EC0A28BBF8C600D02BE0 /* Binding-OnChange.swift in Sources */,
				299072CF28BD4F1F002F2204 /* Sequence-Sorting.swift in Sources */,
				2901EBFE28BBBC7200D02BE0 /* HomeView.swift in Sources */,
				298C7D6328B87C9C00CB8DC8 /* ProjectTrackerApp.swift in Sources */,
				2901EC0228BBDBC800D02BE0 /* Item-CoreDataHelpers.swift in Sources */,
				2901EC0628BBEF5B00D02BE0 /* EditItemView.swift in Sources */,
			);
			runOnlyForDeploymentPostprocessing = 0;
		};
/* End PBXSourcesBuildPhase section */

/* Begin XCBuildConfiguration section */
		298C7D6B28B87C9D00CB8DC8 /* Debug */ = {
			isa = XCBuildConfiguration;
			buildSettings = {
				ALWAYS_SEARCH_USER_PATHS = NO;
				CLANG_ANALYZER_NONNULL = YES;
				CLANG_ANALYZER_NUMBER_OBJECT_CONVERSION = YES_AGGRESSIVE;
				CLANG_CXX_LANGUAGE_STANDARD = "gnu++17";
				CLANG_ENABLE_MODULES = YES;
				CLANG_ENABLE_OBJC_ARC = YES;
				CLANG_ENABLE_OBJC_WEAK = YES;
				CLANG_WARN_BLOCK_CAPTURE_AUTORELEASING = YES;
				CLANG_WARN_BOOL_CONVERSION = YES;
				CLANG_WARN_COMMA = YES;
				CLANG_WARN_CONSTANT_CONVERSION = YES;
				CLANG_WARN_DEPRECATED_OBJC_IMPLEMENTATIONS = YES;
				CLANG_WARN_DIRECT_OBJC_ISA_USAGE = YES_ERROR;
				CLANG_WARN_DOCUMENTATION_COMMENTS = YES;
				CLANG_WARN_EMPTY_BODY = YES;
				CLANG_WARN_ENUM_CONVERSION = YES;
				CLANG_WARN_INFINITE_RECURSION = YES;
				CLANG_WARN_INT_CONVERSION = YES;
				CLANG_WARN_NON_LITERAL_NULL_CONVERSION = YES;
				CLANG_WARN_OBJC_IMPLICIT_RETAIN_SELF = YES;
				CLANG_WARN_OBJC_LITERAL_CONVERSION = YES;
				CLANG_WARN_OBJC_ROOT_CLASS = YES_ERROR;
				CLANG_WARN_QUOTED_INCLUDE_IN_FRAMEWORK_HEADER = YES;
				CLANG_WARN_RANGE_LOOP_ANALYSIS = YES;
				CLANG_WARN_STRICT_PROTOTYPES = YES;
				CLANG_WARN_SUSPICIOUS_MOVE = YES;
				CLANG_WARN_UNGUARDED_AVAILABILITY = YES_AGGRESSIVE;
				CLANG_WARN_UNREACHABLE_CODE = YES;
				CLANG_WARN__DUPLICATE_METHOD_MATCH = YES;
				COPY_PHASE_STRIP = NO;
				DEBUG_INFORMATION_FORMAT = dwarf;
				ENABLE_STRICT_OBJC_MSGSEND = YES;
				ENABLE_TESTABILITY = YES;
				GCC_C_LANGUAGE_STANDARD = gnu11;
				GCC_DYNAMIC_NO_PIC = NO;
				GCC_NO_COMMON_BLOCKS = YES;
				GCC_OPTIMIZATION_LEVEL = 0;
				GCC_PREPROCESSOR_DEFINITIONS = (
					"DEBUG=1",
					"$(inherited)",
				);
				GCC_WARN_64_TO_32_BIT_CONVERSION = YES;
				GCC_WARN_ABOUT_RETURN_TYPE = YES_ERROR;
				GCC_WARN_UNDECLARED_SELECTOR = YES;
				GCC_WARN_UNINITIALIZED_AUTOS = YES_AGGRESSIVE;
				GCC_WARN_UNUSED_FUNCTION = YES;
				GCC_WARN_UNUSED_VARIABLE = YES;
				IPHONEOS_DEPLOYMENT_TARGET = 15.5;
				MTL_ENABLE_DEBUG_INFO = INCLUDE_SOURCE;
				MTL_FAST_MATH = YES;
				ONLY_ACTIVE_ARCH = YES;
				SDKROOT = iphoneos;
				SWIFT_ACTIVE_COMPILATION_CONDITIONS = DEBUG;
				SWIFT_OPTIMIZATION_LEVEL = "-Onone";
			};
			name = Debug;
		};
		298C7D6C28B87C9D00CB8DC8 /* Release */ = {
			isa = XCBuildConfiguration;
			buildSettings = {
				ALWAYS_SEARCH_USER_PATHS = NO;
				CLANG_ANALYZER_NONNULL = YES;
				CLANG_ANALYZER_NUMBER_OBJECT_CONVERSION = YES_AGGRESSIVE;
				CLANG_CXX_LANGUAGE_STANDARD = "gnu++17";
				CLANG_ENABLE_MODULES = YES;
				CLANG_ENABLE_OBJC_ARC = YES;
				CLANG_ENABLE_OBJC_WEAK = YES;
				CLANG_WARN_BLOCK_CAPTURE_AUTORELEASING = YES;
				CLANG_WARN_BOOL_CONVERSION = YES;
				CLANG_WARN_COMMA = YES;
				CLANG_WARN_CONSTANT_CONVERSION = YES;
				CLANG_WARN_DEPRECATED_OBJC_IMPLEMENTATIONS = YES;
				CLANG_WARN_DIRECT_OBJC_ISA_USAGE = YES_ERROR;
				CLANG_WARN_DOCUMENTATION_COMMENTS = YES;
				CLANG_WARN_EMPTY_BODY = YES;
				CLANG_WARN_ENUM_CONVERSION = YES;
				CLANG_WARN_INFINITE_RECURSION = YES;
				CLANG_WARN_INT_CONVERSION = YES;
				CLANG_WARN_NON_LITERAL_NULL_CONVERSION = YES;
				CLANG_WARN_OBJC_IMPLICIT_RETAIN_SELF = YES;
				CLANG_WARN_OBJC_LITERAL_CONVERSION = YES;
				CLANG_WARN_OBJC_ROOT_CLASS = YES_ERROR;
				CLANG_WARN_QUOTED_INCLUDE_IN_FRAMEWORK_HEADER = YES;
				CLANG_WARN_RANGE_LOOP_ANALYSIS = YES;
				CLANG_WARN_STRICT_PROTOTYPES = YES;
				CLANG_WARN_SUSPICIOUS_MOVE = YES;
				CLANG_WARN_UNGUARDED_AVAILABILITY = YES_AGGRESSIVE;
				CLANG_WARN_UNREACHABLE_CODE = YES;
				CLANG_WARN__DUPLICATE_METHOD_MATCH = YES;
				COPY_PHASE_STRIP = NO;
				DEBUG_INFORMATION_FORMAT = "dwarf-with-dsym";
				ENABLE_NS_ASSERTIONS = NO;
				ENABLE_STRICT_OBJC_MSGSEND = YES;
				GCC_C_LANGUAGE_STANDARD = gnu11;
				GCC_NO_COMMON_BLOCKS = YES;
				GCC_WARN_64_TO_32_BIT_CONVERSION = YES;
				GCC_WARN_ABOUT_RETURN_TYPE = YES_ERROR;
				GCC_WARN_UNDECLARED_SELECTOR = YES;
				GCC_WARN_UNINITIALIZED_AUTOS = YES_AGGRESSIVE;
				GCC_WARN_UNUSED_FUNCTION = YES;
				GCC_WARN_UNUSED_VARIABLE = YES;
				IPHONEOS_DEPLOYMENT_TARGET = 15.5;
				MTL_ENABLE_DEBUG_INFO = NO;
				MTL_FAST_MATH = YES;
				SDKROOT = iphoneos;
				SWIFT_COMPILATION_MODE = wholemodule;
				SWIFT_OPTIMIZATION_LEVEL = "-O";
				VALIDATE_PRODUCT = YES;
			};
			name = Release;
		};
		298C7D6E28B87C9D00CB8DC8 /* Debug */ = {
			isa = XCBuildConfiguration;
			buildSettings = {
				ASSETCATALOG_COMPILER_APPICON_NAME = AppIcon;
				ASSETCATALOG_COMPILER_GLOBAL_ACCENT_COLOR_NAME = AccentColor;
				CODE_SIGN_ENTITLEMENTS = ProjectTracker/ProjectTracker.entitlements;
				CODE_SIGN_STYLE = Automatic;
				CURRENT_PROJECT_VERSION = 1;
				DEVELOPMENT_ASSET_PATHS = "\"ProjectTracker/Preview Content\"";
				DEVELOPMENT_TEAM = ZH66DBG8Q7;
				ENABLE_PREVIEWS = YES;
				GENERATE_INFOPLIST_FILE = YES;
				INFOPLIST_FILE = ProjectTracker/Info.plist;
				INFOPLIST_KEY_UIApplicationSceneManifest_Generation = YES;
				INFOPLIST_KEY_UIApplicationSupportsIndirectInputEvents = YES;
				INFOPLIST_KEY_UILaunchScreen_Generation = YES;
				INFOPLIST_KEY_UISupportedInterfaceOrientations_iPad = "UIInterfaceOrientationPortrait UIInterfaceOrientationPortraitUpsideDown UIInterfaceOrientationLandscapeLeft UIInterfaceOrientationLandscapeRight";
				INFOPLIST_KEY_UISupportedInterfaceOrientations_iPhone = "UIInterfaceOrientationPortrait UIInterfaceOrientationLandscapeLeft UIInterfaceOrientationLandscapeRight";
				LD_RUNPATH_SEARCH_PATHS = (
					"$(inherited)",
					"@executable_path/Frameworks",
				);
				MARKETING_VERSION = 1.0;
				PRODUCT_BUNDLE_IDENTIFIER = com.sklohrm.ProjectTracker;
				PRODUCT_NAME = "$(TARGET_NAME)";
				SWIFT_EMIT_LOC_STRINGS = YES;
				SWIFT_VERSION = 5.0;
				TARGETED_DEVICE_FAMILY = "1,2";
			};
			name = Debug;
		};
		298C7D6F28B87C9D00CB8DC8 /* Release */ = {
			isa = XCBuildConfiguration;
			buildSettings = {
				ASSETCATALOG_COMPILER_APPICON_NAME = AppIcon;
				ASSETCATALOG_COMPILER_GLOBAL_ACCENT_COLOR_NAME = AccentColor;
				CODE_SIGN_ENTITLEMENTS = ProjectTracker/ProjectTracker.entitlements;
				CODE_SIGN_STYLE = Automatic;
				CURRENT_PROJECT_VERSION = 1;
				DEVELOPMENT_ASSET_PATHS = "\"ProjectTracker/Preview Content\"";
				DEVELOPMENT_TEAM = ZH66DBG8Q7;
				ENABLE_PREVIEWS = YES;
				GENERATE_INFOPLIST_FILE = YES;
				INFOPLIST_FILE = ProjectTracker/Info.plist;
				INFOPLIST_KEY_UIApplicationSceneManifest_Generation = YES;
				INFOPLIST_KEY_UIApplicationSupportsIndirectInputEvents = YES;
				INFOPLIST_KEY_UILaunchScreen_Generation = YES;
				INFOPLIST_KEY_UISupportedInterfaceOrientations_iPad = "UIInterfaceOrientationPortrait UIInterfaceOrientationPortraitUpsideDown UIInterfaceOrientationLandscapeLeft UIInterfaceOrientationLandscapeRight";
				INFOPLIST_KEY_UISupportedInterfaceOrientations_iPhone = "UIInterfaceOrientationPortrait UIInterfaceOrientationLandscapeLeft UIInterfaceOrientationLandscapeRight";
				LD_RUNPATH_SEARCH_PATHS = (
					"$(inherited)",
					"@executable_path/Frameworks",
				);
				MARKETING_VERSION = 1.0;
				PRODUCT_BUNDLE_IDENTIFIER = com.sklohrm.ProjectTracker;
				PRODUCT_NAME = "$(TARGET_NAME)";
				SWIFT_EMIT_LOC_STRINGS = YES;
				SWIFT_VERSION = 5.0;
				TARGETED_DEVICE_FAMILY = "1,2";
			};
			name = Release;
		};
/* End XCBuildConfiguration section */

/* Begin XCConfigurationList section */
		298C7D5A28B87C9C00CB8DC8 /* Build configuration list for PBXProject "ProjectTracker" */ = {
			isa = XCConfigurationList;
			buildConfigurations = (
				298C7D6B28B87C9D00CB8DC8 /* Debug */,
				298C7D6C28B87C9D00CB8DC8 /* Release */,
			);
			defaultConfigurationIsVisible = 0;
			defaultConfigurationName = Release;
		};
		298C7D6D28B87C9D00CB8DC8 /* Build configuration list for PBXNativeTarget "ProjectTracker" */ = {
			isa = XCConfigurationList;
			buildConfigurations = (
				298C7D6E28B87C9D00CB8DC8 /* Debug */,
				298C7D6F28B87C9D00CB8DC8 /* Release */,
			);
			defaultConfigurationIsVisible = 0;
			defaultConfigurationName = Release;
		};
/* End XCConfigurationList section */

/* Begin XCVersionGroup section */
		2901EBF328BBA8CB00D02BE0 /* Main.xcdatamodeld */ = {
			isa = XCVersionGroup;
			children = (
				2901EBF428BBA8CB00D02BE0 /* Main.xcdatamodel */,
			);
			currentVersion = 2901EBF428BBA8CB00D02BE0 /* Main.xcdatamodel */;
			path = Main.xcdatamodeld;
			sourceTree = "<group>";
			versionGroupType = wrapper.xcdatamodel;
		};
/* End XCVersionGroup section */
	};
	rootObject = 298C7D5728B87C9C00CB8DC8 /* Project object */;
}
